
Microsoft Visual Studio Solution File, Format Version 12.00
# Visual Studio Version 17
VisualStudioVersion = 17.6.33815.320
MinimumVisualStudioVersion = 10.0.40219.1
Project("{2150E333-8FDC-42A3-9474-1A3956D46DE8}") = "Services", "Services", "{B5D8A3C9-D160-4EAF-9656-F2EBCD533A4D}"
	ProjectSection(SolutionItems) = preProject
		api-port.txt = api-port.txt
	EndProjectSection
EndProject
Project("{2150E333-8FDC-42A3-9474-1A3956D46DE8}") = "Catalog", "Catalog", "{6C5481E5-01C2-4DB5-A30F-F5E0C6AA8E00}"
EndProject
Project("{9A19103F-16F7-4668-BE54-9A1E7A4F7556}") = "MultiShop.Catalog", "Services\Catalog\MultiShop.Catalog\MultiShop.Catalog.csproj", "{0BA4EA4C-EB83-4AEB-B898-2C436BD794B8}"
EndProject
Project("{9A19103F-16F7-4668-BE54-9A1E7A4F7556}") = "MultiShop.Discount", "Services\MultiShop.Discount\MultiShop.Discount.csproj", "{0D6A6023-856B-4560-AE77-C3474B469CFC}"
EndProject
Project("{2150E333-8FDC-42A3-9474-1A3956D46DE8}") = "Discount", "Discount", "{5216FF90-4E69-4E46-AE57-527FDFE0A3DF}"
EndProject
Project("{2150E333-8FDC-42A3-9474-1A3956D46DE8}") = "Order", "Order", "{B61BAEBC-C0E0-46D4-9447-687048C32CC6}"
EndProject
Project("{2150E333-8FDC-42A3-9474-1A3956D46DE8}") = "Core", "Core", "{486B8310-099E-4E7B-928C-52F2CEC23276}"
EndProject
Project("{2150E333-8FDC-42A3-9474-1A3956D46DE8}") = "Infrastructure", "Infrastructure", "{37BA3C0F-D720-4EC7-9B5C-779728234A66}"
EndProject
Project("{2150E333-8FDC-42A3-9474-1A3956D46DE8}") = "Presantation", "Presantation", "{BA674125-FA5F-4D0F-AF5F-08F8A482E9AC}"
EndProject
Project("{9A19103F-16F7-4668-BE54-9A1E7A4F7556}") = "MultiShop.Order.Application", "Services\Order\Core\MultiShop.Order.Application\MultiShop.Order.Application.csproj", "{B22F4FFA-4093-4BBC-B542-7F15D1D0612B}"
EndProject
Project("{9A19103F-16F7-4668-BE54-9A1E7A4F7556}") = "MultiShop.Order.Domain", "Services\Order\Core\MultiShop.Order.Domain\MultiShop.Order.Domain.csproj", "{289C28AB-2EF8-4BDC-8588-BCC3C3B66265}"
EndProject
Project("{9A19103F-16F7-4668-BE54-9A1E7A4F7556}") = "MultiShop.Order.Persistence", "Services\Order\Infrastructure\MultiShop.Order.Persistence\MultiShop.Order.Persistence.csproj", "{41123047-32FD-44FD-97D5-0C8F2FCFCDB6}"
EndProject
Project("{9A19103F-16F7-4668-BE54-9A1E7A4F7556}") = "MultiShop.Order.WebApi", "Services\Order\Presantation\MultiShop.Order.WebApi\MultiShop.Order.WebApi.csproj", "{1482D8A7-A04B-4D8C-A4AA-C4F7E4378277}"
EndProject
Project("{2150E333-8FDC-42A3-9474-1A3956D46DE8}") = "IdentityServer", "IdentityServer", "{E7804BEA-24D7-41AC-8DF5-18E2AC05E89E}"
EndProject
Project("{9A19103F-16F7-4668-BE54-9A1E7A4F7556}") = "MultiShop.IndetityServer", "IdentityServer\MultiShop.IndetityServer\MultiShop.IndetityServer.csproj", "{DF4B419A-BD59-4A55-A2DB-9BB6ADE364AE}"
EndProject
Project("{2150E333-8FDC-42A3-9474-1A3956D46DE8}") = "Cargo", "Cargo", "{44F4C83B-190E-4A5E-BCC5-ABF0DED5ACC5}"
EndProject
Project("{9A19103F-16F7-4668-BE54-9A1E7A4F7556}") = "MultiShop.Cargo.EntityLayer", "Services\Cargo\MultiShop.Cargo.EntityLayer\MultiShop.Cargo.EntityLayer.csproj", "{02B4FB14-27A1-4ED9-B0D4-84976BE66AEA}"
EndProject
Project("{9A19103F-16F7-4668-BE54-9A1E7A4F7556}") = "MultiShop.Cargo.BusinessLogicLayer", "Services\Cargo\MultiShop.Cargo.BusinessLogicLayer\MultiShop.Cargo.BusinessLogicLayer.csproj", "{8B0351C2-54AB-489B-BA1C-046E023808AC}"
EndProject
Project("{9A19103F-16F7-4668-BE54-9A1E7A4F7556}") = "MultiSop.Cargo.DataAccessLayer", "Services\Cargo\MultiSop.Cargo.DataAccessLayer\MultiSop.Cargo.DataAccessLayer.csproj", "{7D75286D-06B8-416F-A8AA-42965DC069E7}"
EndProject
Project("{9A19103F-16F7-4668-BE54-9A1E7A4F7556}") = "MultiSop.Cargo.DtosLayer", "Services\Cargo\MultiSop.Cargo.Dtos\MultiSop.Cargo.DtosLayer.csproj", "{7EF0BA7A-26ED-481A-8256-7DAEC1FE603C}"
EndProject
Project("{9A19103F-16F7-4668-BE54-9A1E7A4F7556}") = "MultiShop.Cargo.WebApi", "Services\Cargo\MultiShop.Cargo.WebApi\MultiShop.Cargo.WebApi.csproj", "{C22D8966-FCB8-4A55-A617-F1CF6ECCBF3C}"
EndProject
Project("{2150E333-8FDC-42A3-9474-1A3956D46DE8}") = "Basket", "Basket", "{A9C32925-FA63-4B5C-BAE7-869FF76AA261}"
EndProject
Global
	GlobalSection(SolutionConfigurationPlatforms) = preSolution
		Debug|Any CPU = Debug|Any CPU
		Release|Any CPU = Release|Any CPU
	EndGlobalSection
	GlobalSection(ProjectConfigurationPlatforms) = postSolution
		{0BA4EA4C-EB83-4AEB-B898-2C436BD794B8}.Debug|Any CPU.ActiveCfg = Debug|Any CPU
		{0BA4EA4C-EB83-4AEB-B898-2C436BD794B8}.Debug|Any CPU.Build.0 = Debug|Any CPU
		{0BA4EA4C-EB83-4AEB-B898-2C436BD794B8}.Release|Any CPU.ActiveCfg = Release|Any CPU
		{0BA4EA4C-EB83-4AEB-B898-2C436BD794B8}.Release|Any CPU.Build.0 = Release|Any CPU
		{0D6A6023-856B-4560-AE77-C3474B469CFC}.Debug|Any CPU.ActiveCfg = Debug|Any CPU
		{0D6A6023-856B-4560-AE77-C3474B469CFC}.Debug|Any CPU.Build.0 = Debug|Any CPU
		{0D6A6023-856B-4560-AE77-C3474B469CFC}.Release|Any CPU.ActiveCfg = Release|Any CPU
		{0D6A6023-856B-4560-AE77-C3474B469CFC}.Release|Any CPU.Build.0 = Release|Any CPU
		{B22F4FFA-4093-4BBC-B542-7F15D1D0612B}.Debug|Any CPU.ActiveCfg = Debug|Any CPU
		{B22F4FFA-4093-4BBC-B542-7F15D1D0612B}.Debug|Any CPU.Build.0 = Debug|Any CPU
		{B22F4FFA-4093-4BBC-B542-7F15D1D0612B}.Release|Any CPU.ActiveCfg = Release|Any CPU
		{B22F4FFA-4093-4BBC-B542-7F15D1D0612B}.Release|Any CPU.Build.0 = Release|Any CPU
		{289C28AB-2EF8-4BDC-8588-BCC3C3B66265}.Debug|Any CPU.ActiveCfg = Debug|Any CPU
		{289C28AB-2EF8-4BDC-8588-BCC3C3B66265}.Debug|Any CPU.Build.0 = Debug|Any CPU
		{289C28AB-2EF8-4BDC-8588-BCC3C3B66265}.Release|Any CPU.ActiveCfg = Release|Any CPU
		{289C28AB-2EF8-4BDC-8588-BCC3C3B66265}.Release|Any CPU.Build.0 = Release|Any CPU
		{41123047-32FD-44FD-97D5-0C8F2FCFCDB6}.Debug|Any CPU.ActiveCfg = Debug|Any CPU
		{41123047-32FD-44FD-97D5-0C8F2FCFCDB6}.Debug|Any CPU.Build.0 = Debug|Any CPU
		{41123047-32FD-44FD-97D5-0C8F2FCFCDB6}.Release|Any CPU.ActiveCfg = Release|Any CPU
		{41123047-32FD-44FD-97D5-0C8F2FCFCDB6}.Release|Any CPU.Build.0 = Release|Any CPU
		{1482D8A7-A04B-4D8C-A4AA-C4F7E4378277}.Debug|Any CPU.ActiveCfg = Debug|Any CPU
		{1482D8A7-A04B-4D8C-A4AA-C4F7E4378277}.Debug|Any CPU.Build.0 = Debug|Any CPU
		{1482D8A7-A04B-4D8C-A4AA-C4F7E4378277}.Release|Any CPU.ActiveCfg = Release|Any CPU
		{1482D8A7-A04B-4D8C-A4AA-C4F7E4378277}.Release|Any CPU.Build.0 = Release|Any CPU
		{DF4B419A-BD59-4A55-A2DB-9BB6ADE364AE}.Debug|Any CPU.ActiveCfg = Debug|Any CPU
		{DF4B419A-BD59-4A55-A2DB-9BB6ADE364AE}.Debug|Any CPU.Build.0 = Debug|Any CPU
		{DF4B419A-BD59-4A55-A2DB-9BB6ADE364AE}.Release|Any CPU.ActiveCfg = Release|Any CPU
		{DF4B419A-BD59-4A55-A2DB-9BB6ADE364AE}.Release|Any CPU.Build.0 = Release|Any CPU
		{02B4FB14-27A1-4ED9-B0D4-84976BE66AEA}.Debug|Any CPU.ActiveCfg = Debug|Any CPU
		{02B4FB14-27A1-4ED9-B0D4-84976BE66AEA}.Debug|Any CPU.Build.0 = Debug|Any CPU
		{02B4FB14-27A1-4ED9-B0D4-84976BE66AEA}.Release|Any CPU.ActiveCfg = Release|Any CPU
		{02B4FB14-27A1-4ED9-B0D4-84976BE66AEA}.Release|Any CPU.Build.0 = Release|Any CPU
		{8B0351C2-54AB-489B-BA1C-046E023808AC}.Debug|Any CPU.ActiveCfg = Debug|Any CPU
		{8B0351C2-54AB-489B-BA1C-046E023808AC}.Debug|Any CPU.Build.0 = Debug|Any CPU
		{8B0351C2-54AB-489B-BA1C-046E023808AC}.Release|Any CPU.ActiveCfg = Release|Any CPU
		{8B0351C2-54AB-489B-BA1C-046E023808AC}.Release|Any CPU.Build.0 = Release|Any CPU
		{7D75286D-06B8-416F-A8AA-42965DC069E7}.Debug|Any CPU.ActiveCfg = Debug|Any CPU
		{7D75286D-06B8-416F-A8AA-42965DC069E7}.Debug|Any CPU.Build.0 = Debug|Any CPU
		{7D75286D-06B8-416F-A8AA-42965DC069E7}.Release|Any CPU.ActiveCfg = Release|Any CPU
		{7D75286D-06B8-416F-A8AA-42965DC069E7}.Release|Any CPU.Build.0 = Release|Any CPU
		{7EF0BA7A-26ED-481A-8256-7DAEC1FE603C}.Debug|Any CPU.ActiveCfg = Debug|Any CPU
		{7EF0BA7A-26ED-481A-8256-7DAEC1FE603C}.Debug|Any CPU.Build.0 = Debug|Any CPU
		{7EF0BA7A-26ED-481A-8256-7DAEC1FE603C}.Release|Any CPU.ActiveCfg = Release|Any CPU
		{7EF0BA7A-26ED-481A-8256-7DAEC1FE603C}.Release|Any CPU.Build.0 = Release|Any CPU
		{C22D8966-FCB8-4A55-A617-F1CF6ECCBF3C}.Debug|Any CPU.ActiveCfg = Debug|Any CPU
		{C22D8966-FCB8-4A55-A617-F1CF6ECCBF3C}.Debug|Any CPU.Build.0 = Debug|Any CPU
		{C22D8966-FCB8-4A55-A617-F1CF6ECCBF3C}.Release|Any CPU.ActiveCfg = Release|Any CPU
		{C22D8966-FCB8-4A55-A617-F1CF6ECCBF3C}.Release|Any CPU.Build.0 = Release|Any CPU
	EndGlobalSection
	GlobalSection(SolutionProperties) = preSolution
		HideSolutionNode = FALSE
	EndGlobalSection
	GlobalSection(NestedProjects) = preSolution
		{6C5481E5-01C2-4DB5-A30F-F5E0C6AA8E00} = {B5D8A3C9-D160-4EAF-9656-F2EBCD533A4D}
		{0BA4EA4C-EB83-4AEB-B898-2C436BD794B8} = {6C5481E5-01C2-4DB5-A30F-F5E0C6AA8E00}
		{0D6A6023-856B-4560-AE77-C3474B469CFC} = {5216FF90-4E69-4E46-AE57-527FDFE0A3DF}
		{5216FF90-4E69-4E46-AE57-527FDFE0A3DF} = {B5D8A3C9-D160-4EAF-9656-F2EBCD533A4D}
		{B61BAEBC-C0E0-46D4-9447-687048C32CC6} = {B5D8A3C9-D160-4EAF-9656-F2EBCD533A4D}
		{486B8310-099E-4E7B-928C-52F2CEC23276} = {B61BAEBC-C0E0-46D4-9447-687048C32CC6}
		{37BA3C0F-D720-4EC7-9B5C-779728234A66} = {B61BAEBC-C0E0-46D4-9447-687048C32CC6}
		{BA674125-FA5F-4D0F-AF5F-08F8A482E9AC} = {B61BAEBC-C0E0-46D4-9447-687048C32CC6}
		{B22F4FFA-4093-4BBC-B542-7F15D1D0612B} = {486B8310-099E-4E7B-928C-52F2CEC23276}
		{289C28AB-2EF8-4BDC-8588-BCC3C3B66265} = {486B8310-099E-4E7B-928C-52F2CEC23276}
		{41123047-32FD-44FD-97D5-0C8F2FCFCDB6} = {37BA3C0F-D720-4EC7-9B5C-779728234A66}
		{1482D8A7-A04B-4D8C-A4AA-C4F7E4378277} = {BA674125-FA5F-4D0F-AF5F-08F8A482E9AC}
		{DF4B419A-BD59-4A55-A2DB-9BB6ADE364AE} = {E7804BEA-24D7-41AC-8DF5-18E2AC05E89E}
		{44F4C83B-190E-4A5E-BCC5-ABF0DED5ACC5} = {B5D8A3C9-D160-4EAF-9656-F2EBCD533A4D}
		{02B4FB14-27A1-4ED9-B0D4-84976BE66AEA} = {44F4C83B-190E-4A5E-BCC5-ABF0DED5ACC5}
		{8B0351C2-54AB-489B-BA1C-046E023808AC} = {44F4C83B-190E-4A5E-BCC5-ABF0DED5ACC5}
		{7D75286D-06B8-416F-A8AA-42965DC069E7} = {44F4C83B-190E-4A5E-BCC5-ABF0DED5ACC5}
		{7EF0BA7A-26ED-481A-8256-7DAEC1FE603C} = {44F4C83B-190E-4A5E-BCC5-ABF0DED5ACC5}
		{C22D8966-FCB8-4A55-A617-F1CF6ECCBF3C} = {44F4C83B-190E-4A5E-BCC5-ABF0DED5ACC5}
		{A9C32925-FA63-4B5C-BAE7-869FF76AA261} = {B5D8A3C9-D160-4EAF-9656-F2EBCD533A4D}
	EndGlobalSection
	GlobalSection(ExtensibilityGlobals) = postSolution
		SolutionGuid = {6CE0EEF1-2A9E-43BE-80BE-A57D9829F168}
	EndGlobalSection
EndGlobal
